
Microsoft Visual Studio Solution File, Format Version 12.00
# Visual Studio Version 17
VisualStudioVersion = 17.14.36109.1 d17.14
MinimumVisualStudioVersion = 10.0.40219.1
Project("{FAE04EC0-301F-11D3-BF4B-00C04F79EFBC}") = "KzBarry", "KzBarry.csproj", "{060E9F41-8ABA-4FD0-8631-539ABD0692BB}"
EndProject
Global
	GlobalSection(SolutionConfigurationPlatforms) = preSolution
		Debug|Any CPU = Debug|Any CPU
		Release|Any CPU = Release|Any CPU
	EndGlobalSection
	GlobalSection(ProjectConfigurationPlatforms) = postSolution
		{060E9F41-8ABA-4FD0-8631-539ABD0692BB}.Debug|Any CPU.ActiveCfg = Debug|Any CPU
		{060E9F41-8ABA-4FD0-8631-539ABD0692BB}.Debug|Any CPU.Build.0 = Debug|Any CPU
		{060E9F41-8ABA-4FD0-8631-539ABD0692BB}.Release|Any CPU.ActiveCfg = Release|Any CPU
		{060E9F41-8ABA-4FD0-8631-539ABD0692BB}.Release|Any CPU.Build.0 = Release|Any CPU
	EndGlobalSection
	GlobalSection(SolutionProperties) = preSolution
		HideSolutionNode = FALSE
	EndGlobalSection
	GlobalSection(ExtensibilityGlobals) = postSolution
		SolutionGuid = {13E744E2-B6D0-40BD-813A-2B6EB2530F80}
	EndGlobalSection
EndGlobal
